// !$*UTF8*$!
{
	archiveVersion = 1;
	classes = {
	};
	objectVersion = 56;
	objects = {

/* Begin PBXBuildFile section */
		04E8674F2C0ADD5B00398257 /* AppDelegate.swift in Sources */ = {isa = PBXBuildFile; fileRef = 04E8674E2C0ADD5B00398257 /* AppDelegate.swift */; };
		04E867512C0ADD5B00398257 /* SceneDelegate.swift in Sources */ = {isa = PBXBuildFile; fileRef = 04E867502C0ADD5B00398257 /* SceneDelegate.swift */; };
		04E867532C0ADD5B00398257 /* ViewController.swift in Sources */ = {isa = PBXBuildFile; fileRef = 04E867522C0ADD5B00398257 /* ViewController.swift */; };
		04E867562C0ADD5B00398257 /* Base in Resources */ = {isa = PBXBuildFile; fileRef = 04E867552C0ADD5B00398257 /* Base */; };
		04E867582C0ADD5C00398257 /* Assets.xcassets in Resources */ = {isa = PBXBuildFile; fileRef = 04E867572C0ADD5C00398257 /* Assets.xcassets */; };
		04E8675B2C0ADD5C00398257 /* Base in Resources */ = {isa = PBXBuildFile; fileRef = 04E8675A2C0ADD5C00398257 /* Base */; };
		04E867642C0ADF8A00398257 /* CartModel.swift in Sources */ = {isa = PBXBuildFile; fileRef = 04E867632C0ADF8A00398257 /* CartModel.swift */; };
		04E867682C0AEFA500398257 /* CartCalculatedValue.swift in Sources */ = {isa = PBXBuildFile; fileRef = 04E867672C0AEFA500398257 /* CartCalculatedValue.swift */; };
		04E8676B2C0B106D00398257 /* AppExtension.swift in Sources */ = {isa = PBXBuildFile; fileRef = 04E8676A2C0B106D00398257 /* AppExtension.swift */; };
/* End PBXBuildFile section */

/* Begin PBXFileReference section */
		04E8674B2C0ADD5B00398257 /* CartCalculation.app */ = {isa = PBXFileReference; explicitFileType = wrapper.application; includeInIndex = 0; path = CartCalculation.app; sourceTree = BUILT_PRODUCTS_DIR; };
		04E8674E2C0ADD5B00398257 /* AppDelegate.swift */ = {isa = PBXFileReference; lastKnownFileType = sourcecode.swift; path = AppDelegate.swift; sourceTree = "<group>"; };
		04E867502C0ADD5B00398257 /* SceneDelegate.swift */ = {isa = PBXFileReference; lastKnownFileType = sourcecode.swift; path = SceneDelegate.swift; sourceTree = "<group>"; };
		04E867522C0ADD5B00398257 /* ViewController.swift */ = {isa = PBXFileReference; lastKnownFileType = sourcecode.swift; path = ViewController.swift; sourceTree = "<group>"; };
		04E867552C0ADD5B00398257 /* Base */ = {isa = PBXFileReference; lastKnownFileType = file.storyboard; name = Base; path = Base.lproj/Main.storyboard; sourceTree = "<group>"; };
		04E867572C0ADD5C00398257 /* Assets.xcassets */ = {isa = PBXFileReference; lastKnownFileType = folder.assetcatalog; path = Assets.xcassets; sourceTree = "<group>"; };
		04E8675A2C0ADD5C00398257 /* Base */ = {isa = PBXFileReference; lastKnownFileType = file.storyboard; name = Base; path = Base.lproj/LaunchScreen.storyboard; sourceTree = "<group>"; };
		04E8675C2C0ADD5C00398257 /* Info.plist */ = {isa = PBXFileReference; lastKnownFileType = text.plist.xml; path = Info.plist; sourceTree = "<group>"; };
		04E867632C0ADF8A00398257 /* CartModel.swift */ = {isa = PBXFileReference; lastKnownFileType = sourcecode.swift; path = CartModel.swift; sourceTree = "<group>"; };
		04E867672C0AEFA500398257 /* CartCalculatedValue.swift */ = {isa = PBXFileReference; lastKnownFileType = sourcecode.swift; path = CartCalculatedValue.swift; sourceTree = "<group>"; };
		04E8676A2C0B106D00398257 /* AppExtension.swift */ = {isa = PBXFileReference; lastKnownFileType = sourcecode.swift; path = AppExtension.swift; sourceTree = "<group>"; };
/* End PBXFileReference section */

/* Begin PBXFrameworksBuildPhase section */
		04E867482C0ADD5B00398257 /* Frameworks */ = {
			isa = PBXFrameworksBuildPhase;
			buildActionMask = 2147483647;
			files = (
			);
			runOnlyForDeploymentPostprocessing = 0;
		};
/* End PBXFrameworksBuildPhase section */

/* Begin PBXGroup section */
		04E867422C0ADD5B00398257 = {
			isa = PBXGroup;
			children = (
				04E8674D2C0ADD5B00398257 /* CartCalculation */,
				04E8674C2C0ADD5B00398257 /* Products */,
			);
			sourceTree = "<group>";
		};
		04E8674C2C0ADD5B00398257 /* Products */ = {
			isa = PBXGroup;
			children = (
				04E8674B2C0ADD5B00398257 /* CartCalculation.app */,
			);
			name = Products;
			sourceTree = "<group>";
		};
		04E8674D2C0ADD5B00398257 /* CartCalculation */ = {
			isa = PBXGroup;
			children = (
				04E867692C0B105B00398257 /* AppExtension */,
				04E867622C0ADF7D00398257 /* Model */,
				04E8674E2C0ADD5B00398257 /* AppDelegate.swift */,
				04E867502C0ADD5B00398257 /* SceneDelegate.swift */,
				04E867522C0ADD5B00398257 /* ViewController.swift */,
				04E867542C0ADD5B00398257 /* Main.storyboard */,
				04E867572C0ADD5C00398257 /* Assets.xcassets */,
				04E867592C0ADD5C00398257 /* LaunchScreen.storyboard */,
				04E8675C2C0ADD5C00398257 /* Info.plist */,
			);
			path = CartCalculation;
			sourceTree = "<group>";
		};
		04E867622C0ADF7D00398257 /* Model */ = {
			isa = PBXGroup;
			children = (
				04E867632C0ADF8A00398257 /* CartModel.swift */,
				04E867672C0AEFA500398257 /* CartCalculatedValue.swift */,
			);
			path = Model;
			sourceTree = "<group>";
		};
		04E867692C0B105B00398257 /* AppExtension */ = {
			isa = PBXGroup;
			children = (
				04E8676A2C0B106D00398257 /* AppExtension.swift */,
			);
			path = AppExtension;
			sourceTree = "<group>";
		};
/* End PBXGroup section */

/* Begin PBXNativeTarget section */
		04E8674A2C0ADD5B00398257 /* CartCalculation */ = {
			isa = PBXNativeTarget;
			buildConfigurationList = 04E8675F2C0ADD5C00398257 /* Build configuration list for PBXNativeTarget "CartCalculation" */;
			buildPhases = (
				04E867472C0ADD5B00398257 /* Sources */,
				04E867482C0ADD5B00398257 /* Frameworks */,
				04E867492C0ADD5B00398257 /* Resources */,
			);
			buildRules = (
			);
			dependencies = (
			);
			name = CartCalculation;
			productName = CartCalculation;
			productReference = 04E8674B2C0ADD5B00398257 /* CartCalculation.app */;
			productType = "com.apple.product-type.application";
		};
/* End PBXNativeTarget section */

/* Begin PBXProject section */
		04E867432C0ADD5B00398257 /* Project object */ = {
			isa = PBXProject;
			attributes = {
				BuildIndependentTargetsInParallel = 1;
				LastSwiftUpdateCheck = 1530;
				LastUpgradeCheck = 1530;
				TargetAttributes = {
					04E8674A2C0ADD5B00398257 = {
						CreatedOnToolsVersion = 15.3;
					};
				};
			};
			buildConfigurationList = 04E867462C0ADD5B00398257 /* Build configuration list for PBXProject "CartCalculation" */;
			compatibilityVersion = "Xcode 14.0";
			developmentRegion = en;
			hasScannedForEncodings = 0;
			knownRegions = (
				en,
				Base,
			);
			mainGroup = 04E867422C0ADD5B00398257;
			productRefGroup = 04E8674C2C0ADD5B00398257 /* Products */;
			projectDirPath = "";
			projectRoot = "";
			targets = (
				04E8674A2C0ADD5B00398257 /* CartCalculation */,
			);
		};
/* End PBXProject section */

/* Begin PBXResourcesBuildPhase section */
		04E867492C0ADD5B00398257 /* Resources */ = {
			isa = PBXResourcesBuildPhase;
			buildActionMask = 2147483647;
			files = (
				04E867582C0ADD5C00398257 /* Assets.xcassets in Resources */,
				04E8675B2C0ADD5C00398257 /* Base in Resources */,
				04E867562C0ADD5B00398257 /* Base in Resources */,
			);
			runOnlyForDeploymentPostprocessing = 0;
		};
/* End PBXResourcesBuildPhase section */

/* Begin PBXSourcesBuildPhase section */
		04E867472C0ADD5B00398257 /* Sources */ = {
			isa = PBXSourcesBuildPhase;
			buildActionMask = 2147483647;
			files = (
				04E867532C0ADD5B00398257 /* ViewController.swift in Sources */,
				04E867642C0ADF8A00398257 /* CartModel.swift in Sources */,
				04E867682C0AEFA500398257 /* CartCalculatedValue.swift in Sources */,
				04E8676B2C0B106D00398257 /* AppExtension.swift in Sources */,
				04E8674F2C0ADD5B00398257 /* AppDelegate.swift in Sources */,
				04E867512C0ADD5B00398257 /* SceneDelegate.swift in Sources */,
			);
			runOnlyForDeploymentPostprocessing = 0;
		};
/* End PBXSourcesBuildPhase section */

/* Begin PBXVariantGroup section */
		04E867542C0ADD5B00398257 /* Main.storyboard */ = {
			isa = PBXVariantGroup;
			children = (
				04E867552C0ADD5B00398257 /* Base */,
			);
			name = Main.storyboard;
			sourceTree = "<group>";
		};
		04E867592C0ADD5C00398257 /* LaunchScreen.storyboard */ = {
			isa = PBXVariantGroup;
			children = (
				04E8675A2C0ADD5C00398257 /* Base */,
			);
			name = LaunchScreen.storyboard;
			sourceTree = "<group>";
		};
/* End PBXVariantGroup section */

/* Begin XCBuildConfiguration section */
		04E8675D2C0ADD5C00398257 /* Debug */ = {
			isa = XCBuildConfiguration;
			buildSettings = {
				ALWAYS_SEARCH_USER_PATHS = NO;
				ASSETCATALOG_COMPILER_GENERATE_SWIFT_ASSET_SYMBOL_EXTENSIONS = YES;
				CLANG_ANALYZER_NONNULL = YES;
				CLANG_ANALYZER_NUMBER_OBJECT_CONVERSION = YES_AGGRESSIVE;
				CLANG_CXX_LANGUAGE_STANDARD = "gnu++20";
				CLANG_ENABLE_MODULES = YES;
				CLANG_ENABLE_OBJC_ARC = YES;
				CLANG_ENABLE_OBJC_WEAK = YES;
				CLANG_WARN_BLOCK_CAPTURE_AUTORELEASING = YES;
				CLANG_WARN_BOOL_CONVERSION = YES;
				CLANG_WARN_COMMA = YES;
				CLANG_WARN_CONSTANT_CONVERSION = YES;
				CLANG_WARN_DEPRECATED_OBJC_IMPLEMENTATIONS = YES;
				CLANG_WARN_DIRECT_OBJC_ISA_USAGE = YES_ERROR;
				CLANG_WARN_DOCUMENTATION_COMMENTS = YES;
				CLANG_WARN_EMPTY_BODY = YES;
				CLANG_WARN_ENUM_CONVERSION = YES;
				CLANG_WARN_INFINITE_RECURSION = YES;
				CLANG_WARN_INT_CONVERSION = YES;
				CLANG_WARN_NON_LITERAL_NULL_CONVERSION = YES;
				CLANG_WARN_OBJC_IMPLICIT_RETAIN_SELF = YES;
				CLANG_WARN_OBJC_LITERAL_CONVERSION = YES;
				CLANG_WARN_OBJC_ROOT_CLASS = YES_ERROR;
				CLANG_WARN_QUOTED_INCLUDE_IN_FRAMEWORK_HEADER = YES;
				CLANG_WARN_RANGE_LOOP_ANALYSIS = YES;
				CLANG_WARN_STRICT_PROTOTYPES = YES;
				CLANG_WARN_SUSPICIOUS_MOVE = YES;
				CLANG_WARN_UNGUARDED_AVAILABILITY = YES_AGGRESSIVE;
				CLANG_WARN_UNREACHABLE_CODE = YES;
				CLANG_WARN__DUPLICATE_METHOD_MATCH = YES;
				COPY_PHASE_STRIP = NO;
				DEBUG_INFORMATION_FORMAT = dwarf;
				ENABLE_STRICT_OBJC_MSGSEND = YES;
				ENABLE_TESTABILITY = YES;
				ENABLE_USER_SCRIPT_SANDBOXING = YES;
				GCC_C_LANGUAGE_STANDARD = gnu17;
				GCC_DYNAMIC_NO_PIC = NO;
				GCC_NO_COMMON_BLOCKS = YES;
				GCC_OPTIMIZATION_LEVEL = 0;
				GCC_PREPROCESSOR_DEFINITIONS = (
					"DEBUG=1",
					"$(inherited)",
				);
				GCC_WARN_64_TO_32_BIT_CONVERSION = YES;
				GCC_WARN_ABOUT_RETURN_TYPE = YES_ERROR;
				GCC_WARN_UNDECLARED_SELECTOR = YES;
				GCC_WARN_UNINITIALIZED_AUTOS = YES_AGGRESSIVE;
				GCC_WARN_UNUSED_FUNCTION = YES;
				GCC_WARN_UNUSED_VARIABLE = YES;
				IPHONEOS_DEPLOYMENT_TARGET = 17.4;
				LOCALIZATION_PREFERS_STRING_CATALOGS = YES;
				MTL_ENABLE_DEBUG_INFO = INCLUDE_SOURCE;
				MTL_FAST_MATH = YES;
				ONLY_ACTIVE_ARCH = YES;
				SDKROOT = iphoneos;
				SWIFT_ACTIVE_COMPILATION_CONDITIONS = "DEBUG $(inherited)";
				SWIFT_OPTIMIZATION_LEVEL = "-Onone";
			};
			name = Debug;
		};
		04E8675E2C0ADD5C00398257 /* Release */ = {
			isa = XCBuildConfiguration;
			buildSettings = {
				ALWAYS_SEARCH_USER_PATHS = NO;
				ASSETCATALOG_COMPILER_GENERATE_SWIFT_ASSET_SYMBOL_EXTENSIONS = YES;
				CLANG_ANALYZER_NONNULL = YES;
				CLANG_ANALYZER_NUMBER_OBJECT_CONVERSION = YES_AGGRESSIVE;
				CLANG_CXX_LANGUAGE_STANDARD = "gnu++20";
				CLANG_ENABLE_MODULES = YES;
				CLANG_ENABLE_OBJC_ARC = YES;
				CLANG_ENABLE_OBJC_WEAK = YES;
				CLANG_WARN_BLOCK_CAPTURE_AUTORELEASING = YES;
				CLANG_WARN_BOOL_CONVERSION = YES;
				CLANG_WARN_COMMA = YES;
				CLANG_WARN_CONSTANT_CONVERSION = YES;
				CLANG_WARN_DEPRECATED_OBJC_IMPLEMENTATIONS = YES;
				CLANG_WARN_DIRECT_OBJC_ISA_USAGE = YES_ERROR;
				CLANG_WARN_DOCUMENTATION_COMMENTS = YES;
				CLANG_WARN_EMPTY_BODY = YES;
				CLANG_WARN_ENUM_CONVERSION = YES;
				CLANG_WARN_INFINITE_RECURSION = YES;
				CLANG_WARN_INT_CONVERSION = YES;
				CLANG_WARN_NON_LITERAL_NULL_CONVERSION = YES;
				CLANG_WARN_OBJC_IMPLICIT_RETAIN_SELF = YES;
				CLANG_WARN_OBJC_LITERAL_CONVERSION = YES;
				CLANG_WARN_OBJC_ROOT_CLASS = YES_ERROR;
				CLANG_WARN_QUOTED_INCLUDE_IN_FRAMEWORK_HEADER = YES;
				CLANG_WARN_RANGE_LOOP_ANALYSIS = YES;
				CLANG_WARN_STRICT_PROTOTYPES = YES;
				CLANG_WARN_SUSPICIOUS_MOVE = YES;
				CLANG_WARN_UNGUARDED_AVAILABILITY = YES_AGGRESSIVE;
				CLANG_WARN_UNREACHABLE_CODE = YES;
				CLANG_WARN__DUPLICATE_METHOD_MATCH = YES;
				COPY_PHASE_STRIP = NO;
				DEBUG_INFORMATION_FORMAT = "dwarf-with-dsym";
				ENABLE_NS_ASSERTIONS = NO;
				ENABLE_STRICT_OBJC_MSGSEND = YES;
				ENABLE_USER_SCRIPT_SANDBOXING = YES;
				GCC_C_LANGUAGE_STANDARD = gnu17;
				GCC_NO_COMMON_BLOCKS = YES;
				GCC_WARN_64_TO_32_BIT_CONVERSION = YES;
				GCC_WARN_ABOUT_RETURN_TYPE = YES_ERROR;
				GCC_WARN_UNDECLARED_SELECTOR = YES;
				GCC_WARN_UNINITIALIZED_AUTOS = YES_AGGRESSIVE;
				GCC_WARN_UNUSED_FUNCTION = YES;
				GCC_WARN_UNUSED_VARIABLE = YES;
				IPHONEOS_DEPLOYMENT_TARGET = 17.4;
				LOCALIZATION_PREFERS_STRING_CATALOGS = YES;
				MTL_ENABLE_DEBUG_INFO = NO;
				MTL_FAST_MATH = YES;
				SDKROOT = iphoneos;
				SWIFT_COMPILATION_MODE = wholemodule;
				VALIDATE_PRODUCT = YES;
			};
			name = Release;
		};
		04E867602C0ADD5C00398257 /* Debug */ = {
			isa = XCBuildConfiguration;
			buildSettings = {
				ASSETCATALOG_COMPILER_APPICON_NAME = AppIcon;
				ASSETCATALOG_COMPILER_GLOBAL_ACCENT_COLOR_NAME = AccentColor;
				CODE_SIGN_STYLE = Automatic;
				CURRENT_PROJECT_VERSION = 1;
				GENERATE_INFOPLIST_FILE = YES;
				INFOPLIST_FILE = CartCalculation/Info.plist;
				INFOPLIST_KEY_UIApplicationSupportsIndirectInputEvents = YES;
				INFOPLIST_KEY_UILaunchStoryboardName = LaunchScreen;
				INFOPLIST_KEY_UIMainStoryboardFile = Main;
				INFOPLIST_KEY_UISupportedInterfaceOrientations_iPad = "UIInterfaceOrientationPortrait UIInterfaceOrientationPortraitUpsideDown UIInterfaceOrientationLandscapeLeft UIInterfaceOrientationLandscapeRight";
				INFOPLIST_KEY_UISupportedInterfaceOrientations_iPhone = "UIInterfaceOrientationPortrait UIInterfaceOrientationLandscapeLeft UIInterfaceOrientationLandscapeRight";
				LD_RUNPATH_SEARCH_PATHS = (
					"$(inherited)",
					"@executable_path/Frameworks",
				);
				MARKETING_VERSION = 1.0;
				PRODUCT_BUNDLE_IDENTIFIER = com.CartCalculation;
				PRODUCT_NAME = "$(TARGET_NAME)";
				SWIFT_EMIT_LOC_STRINGS = YES;
				SWIFT_VERSION = 5.0;
				TARGETED_DEVICE_FAMILY = "1,2";
			};
			name = Debug;
		};
		04E867612C0ADD5C00398257 /* Release */ = {
			isa = XCBuildConfiguration;
			buildSettings = {
				ASSETCATALOG_COMPILER_APPICON_NAME = AppIcon;
				ASSETCATALOG_COMPILER_GLOBAL_ACCENT_COLOR_NAME = AccentColor;
				CODE_SIGN_STYLE = Automatic;
				CURRENT_PROJECT_VERSION = 1;
				GENERATE_INFOPLIST_FILE = YES;
				INFOPLIST_FILE = CartCalculation/Info.plist;
				INFOPLIST_KEY_UIApplicationSupportsIndirectInputEvents = YES;
				INFOPLIST_KEY_UILaunchStoryboardName = LaunchScreen;
				INFOPLIST_KEY_UIMainStoryboardFile = Main;
				INFOPLIST_KEY_UISupportedInterfaceOrientations_iPad = "UIInterfaceOrientationPortrait UIInterfaceOrientationPortraitUpsideDown UIInterfaceOrientationLandscapeLeft UIInterfaceOrientationLandscapeRight";
				INFOPLIST_KEY_UISupportedInterfaceOrientations_iPhone = "UIInterfaceOrientationPortrait UIInterfaceOrientationLandscapeLeft UIInterfaceOrientationLandscapeRight";
				LD_RUNPATH_SEARCH_PATHS = (
					"$(inherited)",
					"@executable_path/Frameworks",
				);
				MARKETING_VERSION = 1.0;
				PRODUCT_BUNDLE_IDENTIFIER = com.CartCalculation;
				PRODUCT_NAME = "$(TARGET_NAME)";
				SWIFT_EMIT_LOC_STRINGS = YES;
				SWIFT_VERSION = 5.0;
				TARGETED_DEVICE_FAMILY = "1,2";
			};
			name = Release;
		};
/* End XCBuildConfiguration section */

/* Begin XCConfigurationList section */
		04E867462C0ADD5B00398257 /* Build configuration list for PBXProject "CartCalculation" */ = {
			isa = XCConfigurationList;
			buildConfigurations = (
				04E8675D2C0ADD5C00398257 /* Debug */,
				04E8675E2C0ADD5C00398257 /* Release */,
			);
			defaultConfigurationIsVisible = 0;
			defaultConfigurationName = Release;
		};
		04E8675F2C0ADD5C00398257 /* Build configuration list for PBXNativeTarget "CartCalculation" */ = {
			isa = XCConfigurationList;
			buildConfigurations = (
				04E867602C0ADD5C00398257 /* Debug */,
				04E867612C0ADD5C00398257 /* Release */,
			);
			defaultConfigurationIsVisible = 0;
			defaultConfigurationName = Release;
		};
/* End XCConfigurationList section */
	};
	rootObject = 04E867432C0ADD5B00398257 /* Project object */;
}
